
Microsoft Visual Studio Solution File, Format Version 12.00
# Visual Studio Version 17
VisualStudioVersion = 17.6.33829.357
MinimumVisualStudioVersion = 10.0.40219.1
Project("{9A19103F-16F7-4668-BE54-9A1E7A4F7556}") = "QueriesProject", "QueriesProject.csproj", "{37E74378-6277-40FD-9169-9ED8D39D0C9D}"
EndProject
Project("{FAE04EC0-301F-11D3-BF4B-00C04F79EFBC}") = "QueriesTestProject", "..\QueriesTestProject\QueriesTestProject.csproj", "{EEFBB103-3439-4312-A03D-F1CF08386EA2}"
EndProject
Global
	GlobalSection(SolutionConfigurationPlatforms) = preSolution
		Debug|Any CPU = Debug|Any CPU
		Release|Any CPU = Release|Any CPU
	EndGlobalSection
	GlobalSection(ProjectConfigurationPlatforms) = postSolution
		{37E74378-6277-40FD-9169-9ED8D39D0C9D}.Debug|Any CPU.ActiveCfg = Debug|Any CPU
		{37E74378-6277-40FD-9169-9ED8D39D0C9D}.Debug|Any CPU.Build.0 = Debug|Any CPU
		{37E74378-6277-40FD-9169-9ED8D39D0C9D}.Release|Any CPU.ActiveCfg = Release|Any CPU
		{37E74378-6277-40FD-9169-9ED8D39D0C9D}.Release|Any CPU.Build.0 = Release|Any CPU
		{EEFBB103-3439-4312-A03D-F1CF08386EA2}.Debug|Any CPU.ActiveCfg = Debug|Any CPU
		{EEFBB103-3439-4312-A03D-F1CF08386EA2}.Debug|Any CPU.Build.0 = Debug|Any CPU
		{EEFBB103-3439-4312-A03D-F1CF08386EA2}.Release|Any CPU.ActiveCfg = Release|Any CPU
		{EEFBB103-3439-4312-A03D-F1CF08386EA2}.Release|Any CPU.Build.0 = Release|Any CPU
	EndGlobalSection
	GlobalSection(SolutionProperties) = preSolution
		HideSolutionNode = FALSE
	EndGlobalSection
	GlobalSection(ExtensibilityGlobals) = postSolution
		SolutionGuid = {17977D34-63B9-43C0-9149-CCBACFCC03A5}
	EndGlobalSection
EndGlobal
